
Microsoft Visual Studio Solution File, Format Version 12.00
# Visual Studio 14
VisualStudioVersion = 14.0.23107.0
MinimumVisualStudioVersion = 10.0.40219.1
Project("{FAE04EC0-301F-11D3-BF4B-00C04F79EFBC}") = "Pk.OrleansUtils", "Pk.OrleansUtils\Pk.OrleansUtils.csproj", "{2116FD28-B19A-4934-AF8F-40D8368637AC}"
EndProject
Project("{FAE04EC0-301F-11D3-BF4B-00C04F79EFBC}") = "Pk.OrleansUtils.Interfaces", "Pk.OrleansUtils.Interfaces\Pk.OrleansUtils.Interfaces.csproj", "{0AD71245-72F6-43A5-A124-9F86C17F99A2}"
EndProject
Project("{FAE04EC0-301F-11D3-BF4B-00C04F79EFBC}") = "Pk.OrleansUtils.DevHost", "Pk.OrleansUtils.DevHost\Pk.OrleansUtils.DevHost.csproj", "{5E7AACB4-3430-429B-8EB1-67EE2F518559}"
EndProject
Project("{FAE04EC0-301F-11D3-BF4B-00C04F79EFBC}") = "Pk.OrleansUtils.ElasticSearch", "Pk.OrleansUtils.ElasticSearch\Pk.OrleansUtils.ElasticSearch.csproj", "{4039B7D6-543E-493E-91E9-B6C0BC3E9D9E}"
EndProject
Project("{FAE04EC0-301F-11D3-BF4B-00C04F79EFBC}") = "Pk.OrleansUtils.Tests", "Pk.OrleansUtils.Tests\Pk.OrleansUtils.Tests.csproj", "{F2D9DE38-8072-4381-963B-E75CA19239B0}"
	ProjectSection(ProjectDependencies) = postProject
		{D164391A-8928-497E-8AB0-B703690E9EC1} = {D164391A-8928-497E-8AB0-B703690E9EC1}
		{5E7AACB4-3430-429B-8EB1-67EE2F518559} = {5E7AACB4-3430-429B-8EB1-67EE2F518559}
	EndProjectSection
EndProject
Project("{FAE04EC0-301F-11D3-BF4B-00C04F79EFBC}") = "Pk.OrleansUtils.Consul", "Pk.OrleansUtils.Consul\Pk.OrleansUtils.Consul.csproj", "{664B2F23-B7F0-48E0-AF73-6DCB465A9B72}"
EndProject
Project("{2150E333-8FDC-42A3-9474-1A3956D46DE8}") = "Nuget", "Nuget", "{CE25A5C6-E4CC-4274-B89C-A965B25E5D55}"
EndProject
Project("{FAE04EC0-301F-11D3-BF4B-00C04F79EFBC}") = "Pk.OrleansUtils.ApplicationInsights", "Pk.OrleansUtils.ApplicationInsights\Pk.OrleansUtils.ApplicationInsights.csproj", "{D164391A-8928-497E-8AB0-B703690E9EC1}"
EndProject
Project("{FAE04EC0-301F-11D3-BF4B-00C04F79EFBC}") = "Pk.OrleansUtils.TestClient", "Pk.OrleansUtils.TestClient\Pk.OrleansUtils.TestClient.csproj", "{E061D38F-9EAC-4A28-B9A8-C5B5D319CF85}"
EndProject
Project("{FF286327-C783-4F7A-AB73-9BCBAD0D4460}") = "Pk.OrleansUtils.ApplicationInsights.Nuget", "nuget\Pk.OrleansUtils.ApplicationInsights.Nuget\Pk.OrleansUtils.ApplicationInsights.Nuget.nuproj", "{8860C64F-4EA6-486E-8AA0-6DBFF85E6684}"
EndProject
Project("{FF286327-C783-4F7A-AB73-9BCBAD0D4460}") = "Pk.OrleansUtils.Consul.Nuget", "nuget\Pk.OrleansUtils.Consul.Nuget\Pk.OrleansUtils.Consul.Nuget.nuproj", "{7BE14508-2215-4C9B-8DC3-8C55E5D2631E}"
EndProject
Project("{FF286327-C783-4F7A-AB73-9BCBAD0D4460}") = "Pk.OrleansUtils.Elasticsearch.Nuget", "nuget\Pk.OrleansUtils.Elasticsearch.Nuget\Pk.OrleansUtils.Elasticsearch.Nuget.nuproj", "{0C298395-3FC1-4430-BCEC-896DF66EFB16}"
EndProject
Global
	GlobalSection(SolutionConfigurationPlatforms) = preSolution
		Debug|Any CPU = Debug|Any CPU
		Release|Any CPU = Release|Any CPU
	EndGlobalSection
	GlobalSection(ProjectConfigurationPlatforms) = postSolution
		{2116FD28-B19A-4934-AF8F-40D8368637AC}.Debug|Any CPU.ActiveCfg = Debug|Any CPU
		{2116FD28-B19A-4934-AF8F-40D8368637AC}.Debug|Any CPU.Build.0 = Debug|Any CPU
		{2116FD28-B19A-4934-AF8F-40D8368637AC}.Release|Any CPU.ActiveCfg = Release|Any CPU
		{2116FD28-B19A-4934-AF8F-40D8368637AC}.Release|Any CPU.Build.0 = Release|Any CPU
		{0AD71245-72F6-43A5-A124-9F86C17F99A2}.Debug|Any CPU.ActiveCfg = Debug|Any CPU
		{0AD71245-72F6-43A5-A124-9F86C17F99A2}.Debug|Any CPU.Build.0 = Debug|Any CPU
		{0AD71245-72F6-43A5-A124-9F86C17F99A2}.Release|Any CPU.ActiveCfg = Release|Any CPU
		{0AD71245-72F6-43A5-A124-9F86C17F99A2}.Release|Any CPU.Build.0 = Release|Any CPU
		{5E7AACB4-3430-429B-8EB1-67EE2F518559}.Debug|Any CPU.ActiveCfg = Debug|Any CPU
		{5E7AACB4-3430-429B-8EB1-67EE2F518559}.Debug|Any CPU.Build.0 = Debug|Any CPU
		{5E7AACB4-3430-429B-8EB1-67EE2F518559}.Release|Any CPU.ActiveCfg = Release|Any CPU
		{5E7AACB4-3430-429B-8EB1-67EE2F518559}.Release|Any CPU.Build.0 = Release|Any CPU
		{4039B7D6-543E-493E-91E9-B6C0BC3E9D9E}.Debug|Any CPU.ActiveCfg = Debug|Any CPU
		{4039B7D6-543E-493E-91E9-B6C0BC3E9D9E}.Debug|Any CPU.Build.0 = Debug|Any CPU
		{4039B7D6-543E-493E-91E9-B6C0BC3E9D9E}.Release|Any CPU.ActiveCfg = Release|Any CPU
		{4039B7D6-543E-493E-91E9-B6C0BC3E9D9E}.Release|Any CPU.Build.0 = Release|Any CPU
		{F2D9DE38-8072-4381-963B-E75CA19239B0}.Debug|Any CPU.ActiveCfg = Debug|Any CPU
		{F2D9DE38-8072-4381-963B-E75CA19239B0}.Debug|Any CPU.Build.0 = Debug|Any CPU
		{F2D9DE38-8072-4381-963B-E75CA19239B0}.Release|Any CPU.ActiveCfg = Release|Any CPU
		{F2D9DE38-8072-4381-963B-E75CA19239B0}.Release|Any CPU.Build.0 = Release|Any CPU
		{664B2F23-B7F0-48E0-AF73-6DCB465A9B72}.Debug|Any CPU.ActiveCfg = Debug|Any CPU
		{664B2F23-B7F0-48E0-AF73-6DCB465A9B72}.Debug|Any CPU.Build.0 = Debug|Any CPU
		{664B2F23-B7F0-48E0-AF73-6DCB465A9B72}.Release|Any CPU.ActiveCfg = Release|Any CPU
		{664B2F23-B7F0-48E0-AF73-6DCB465A9B72}.Release|Any CPU.Build.0 = Release|Any CPU
		{D164391A-8928-497E-8AB0-B703690E9EC1}.Debug|Any CPU.ActiveCfg = Debug|Any CPU
		{D164391A-8928-497E-8AB0-B703690E9EC1}.Debug|Any CPU.Build.0 = Debug|Any CPU
		{D164391A-8928-497E-8AB0-B703690E9EC1}.Release|Any CPU.ActiveCfg = Release|Any CPU
		{D164391A-8928-497E-8AB0-B703690E9EC1}.Release|Any CPU.Build.0 = Release|Any CPU
		{E061D38F-9EAC-4A28-B9A8-C5B5D319CF85}.Debug|Any CPU.ActiveCfg = Debug|Any CPU
		{E061D38F-9EAC-4A28-B9A8-C5B5D319CF85}.Debug|Any CPU.Build.0 = Debug|Any CPU
		{E061D38F-9EAC-4A28-B9A8-C5B5D319CF85}.Release|Any CPU.ActiveCfg = Release|Any CPU
		{E061D38F-9EAC-4A28-B9A8-C5B5D319CF85}.Release|Any CPU.Build.0 = Release|Any CPU
		{8860C64F-4EA6-486E-8AA0-6DBFF85E6684}.Debug|Any CPU.ActiveCfg = Debug|Any CPU
		{8860C64F-4EA6-486E-8AA0-6DBFF85E6684}.Debug|Any CPU.Build.0 = Debug|Any CPU
		{8860C64F-4EA6-486E-8AA0-6DBFF85E6684}.Release|Any CPU.ActiveCfg = Release|Any CPU
		{8860C64F-4EA6-486E-8AA0-6DBFF85E6684}.Release|Any CPU.Build.0 = Release|Any CPU
		{7BE14508-2215-4C9B-8DC3-8C55E5D2631E}.Debug|Any CPU.ActiveCfg = Debug|Any CPU
		{7BE14508-2215-4C9B-8DC3-8C55E5D2631E}.Debug|Any CPU.Build.0 = Debug|Any CPU
		{7BE14508-2215-4C9B-8DC3-8C55E5D2631E}.Release|Any CPU.ActiveCfg = Release|Any CPU
		{7BE14508-2215-4C9B-8DC3-8C55E5D2631E}.Release|Any CPU.Build.0 = Release|Any CPU
		{0C298395-3FC1-4430-BCEC-896DF66EFB16}.Debug|Any CPU.ActiveCfg = Debug|Any CPU
		{0C298395-3FC1-4430-BCEC-896DF66EFB16}.Debug|Any CPU.Build.0 = Debug|Any CPU
		{0C298395-3FC1-4430-BCEC-896DF66EFB16}.Release|Any CPU.ActiveCfg = Release|Any CPU
		{0C298395-3FC1-4430-BCEC-896DF66EFB16}.Release|Any CPU.Build.0 = Release|Any CPU
	EndGlobalSection
	GlobalSection(SolutionProperties) = preSolution
		HideSolutionNode = FALSE
	EndGlobalSection
	GlobalSection(NestedProjects) = preSolution
		{8860C64F-4EA6-486E-8AA0-6DBFF85E6684} = {CE25A5C6-E4CC-4274-B89C-A965B25E5D55}
		{7BE14508-2215-4C9B-8DC3-8C55E5D2631E} = {CE25A5C6-E4CC-4274-B89C-A965B25E5D55}
		{0C298395-3FC1-4430-BCEC-896DF66EFB16} = {CE25A5C6-E4CC-4274-B89C-A965B25E5D55}
	EndGlobalSection
EndGlobal
